
Microsoft Visual Studio Solution File, Format Version 12.00
# Visual Studio Version 16
VisualStudioVersion = 16.0.29613.14
MinimumVisualStudioVersion = 10.0.40219.1
Project("{FAE04EC0-301F-11D3-BF4B-00C04F79EFBC}") = "Meet Twitch.Web", "Meet Twitch\Meet Twitch.Web.csproj", "{F14D52B0-DD3C-4279-87AB-BD29314507CA}"
EndProject
Project("{FAE04EC0-301F-11D3-BF4B-00C04F79EFBC}") = "Meet Twitch.Core", "Meet Twitch.Core\Meet Twitch.Core.csproj", "{EB89A2BD-B43B-440B-8158-B69126517602}"
EndProject
Global
	GlobalSection(SolutionConfigurationPlatforms) = preSolution
		Debug|Any CPU = Debug|Any CPU
		Release|Any CPU = Release|Any CPU
	EndGlobalSection
	GlobalSection(ProjectConfigurationPlatforms) = postSolution
		{F14D52B0-DD3C-4279-87AB-BD29314507CA}.Debug|Any CPU.ActiveCfg = Debug|Any CPU
		{F14D52B0-DD3C-4279-87AB-BD29314507CA}.Debug|Any CPU.Build.0 = Debug|Any CPU
		{F14D52B0-DD3C-4279-87AB-BD29314507CA}.Release|Any CPU.ActiveCfg = Release|Any CPU
		{F14D52B0-DD3C-4279-87AB-BD29314507CA}.Release|Any CPU.Build.0 = Release|Any CPU
		{EB89A2BD-B43B-440B-8158-B69126517602}.Debug|Any CPU.ActiveCfg = Debug|Any CPU
		{EB89A2BD-B43B-440B-8158-B69126517602}.Debug|Any CPU.Build.0 = Debug|Any CPU
		{EB89A2BD-B43B-440B-8158-B69126517602}.Release|Any CPU.ActiveCfg = Release|Any CPU
		{EB89A2BD-B43B-440B-8158-B69126517602}.Release|Any CPU.Build.0 = Release|Any CPU
	EndGlobalSection
	GlobalSection(SolutionProperties) = preSolution
		HideSolutionNode = FALSE
	EndGlobalSection
	GlobalSection(ExtensibilityGlobals) = postSolution
		SolutionGuid = {A38EA796-D67F-469D-ADAA-2723668C372F}
	EndGlobalSection
EndGlobal
